
Microsoft Visual Studio Solution File, Format Version 12.00
# Visual Studio Version 17
VisualStudioVersion = 17.4.33110.190
MinimumVisualStudioVersion = 10.0.40219.1
Project("{8BC9CEB8-8B4A-11D0-8D11-00A0C91BC942}") = "ppmd", "ppmd.vcxproj", "{A46E8C2B-D1FF-4569-BC64-549DEA9798ED}"
EndProject
Project("{8BC9CEB8-8B4A-11D0-8D11-00A0C91BC942}") = "ppmd-mini", "ppmd-mini.vcxproj", "{E6500B27-4A1D-4602-A930-85C1A70FF1CB}"
EndProject
Global
	GlobalSection(SolutionConfigurationPlatforms) = preSolution
		Debug|x64 = Debug|x64
		Debug|x86 = Debug|x86
		Release|x64 = Release|x64
		Release|x86 = Release|x86
	EndGlobalSection
	GlobalSection(ProjectConfigurationPlatforms) = postSolution
		{A46E8C2B-D1FF-4569-BC64-549DEA9798ED}.Debug|x64.ActiveCfg = Debug|x64
		{A46E8C2B-D1FF-4569-BC64-549DEA9798ED}.Debug|x64.Build.0 = Debug|x64
		{A46E8C2B-D1FF-4569-BC64-549DEA9798ED}.Debug|x86.ActiveCfg = Debug|Win32
		{A46E8C2B-D1FF-4569-BC64-549DEA9798ED}.Debug|x86.Build.0 = Debug|Win32
		{A46E8C2B-D1FF-4569-BC64-549DEA9798ED}.Release|x64.ActiveCfg = Release|x64
		{A46E8C2B-D1FF-4569-BC64-549DEA9798ED}.Release|x64.Build.0 = Release|x64
		{A46E8C2B-D1FF-4569-BC64-549DEA9798ED}.Release|x86.ActiveCfg = Release|Win32
		{A46E8C2B-D1FF-4569-BC64-549DEA9798ED}.Release|x86.Build.0 = Release|Win32
		{E6500B27-4A1D-4602-A930-85C1A70FF1CB}.Debug|x64.ActiveCfg = Debug|x64
		{E6500B27-4A1D-4602-A930-85C1A70FF1CB}.Debug|x64.Build.0 = Debug|x64
		{E6500B27-4A1D-4602-A930-85C1A70FF1CB}.Debug|x86.ActiveCfg = Debug|Win32
		{E6500B27-4A1D-4602-A930-85C1A70FF1CB}.Debug|x86.Build.0 = Debug|Win32
		{E6500B27-4A1D-4602-A930-85C1A70FF1CB}.Release|x64.ActiveCfg = Release|x64
		{E6500B27-4A1D-4602-A930-85C1A70FF1CB}.Release|x64.Build.0 = Release|x64
		{E6500B27-4A1D-4602-A930-85C1A70FF1CB}.Release|x86.ActiveCfg = Release|Win32
		{E6500B27-4A1D-4602-A930-85C1A70FF1CB}.Release|x86.Build.0 = Release|Win32
	EndGlobalSection
	GlobalSection(SolutionProperties) = preSolution
		HideSolutionNode = FALSE
	EndGlobalSection
	GlobalSection(ExtensibilityGlobals) = postSolution
		SolutionGuid = {7143C365-A421-40D8-8693-B5786C58CF4C}
	EndGlobalSection
EndGlobal
