
Microsoft Visual Studio Solution File, Format Version 10.00
# Visual C++ Express 2008
Project("{8BC9CEB8-8B4A-11D0-8D11-00A0C91BC942}") = "Kanzi_VS2008", "Kanzi_VS2008.vcproj", "{A7FB6DB8-D93B-4287-8ED8-0E39A52509B3}"
EndProject
Global
	GlobalSection(SolutionConfigurationPlatforms) = preSolution
		Debug|Win32 = Debug|Win32
		Release|Win32 = Release|Win32
	EndGlobalSection
	GlobalSection(ProjectConfigurationPlatforms) = postSolution
		{A7FB6DB8-D93B-4287-8ED8-0E39A52509B3}.Debug|Win32.ActiveCfg = Debug|Win32
		{A7FB6DB8-D93B-4287-8ED8-0E39A52509B3}.Debug|Win32.Build.0 = Debug|Win32
		{A7FB6DB8-D93B-4287-8ED8-0E39A52509B3}.Release|Win32.ActiveCfg = Debug|Win32
		{A7FB6DB8-D93B-4287-8ED8-0E39A52509B3}.Release|Win32.Build.0 = Debug|Win32
	EndGlobalSection
	GlobalSection(SolutionProperties) = preSolution
		HideSolutionNode = FALSE
	EndGlobalSection
EndGlobal
